
Microsoft Visual Studio Solution File, Format Version 12.00
# Visual Studio 15
VisualStudioVersion = 15.0.28010.2016
MinimumVisualStudioVersion = 10.0.40219.1
Project("{FAE04EC0-301F-11D3-BF4B-00C04F79EFBC}") = "WebCrawlerPageAnalysis", "WebCrawlerPageAnalysis\WebCrawlerPageAnalysis.csproj", "{9B592A6A-7488-4810-881F-B187DD09F285}"
EndProject
Global
	GlobalSection(SolutionConfigurationPlatforms) = preSolution
		Debug|Any CPU = Debug|Any CPU
		Release|Any CPU = Release|Any CPU
	EndGlobalSection
	GlobalSection(ProjectConfigurationPlatforms) = postSolution
		{9B592A6A-7488-4810-881F-B187DD09F285}.Debug|Any CPU.ActiveCfg = Debug|Any CPU
		{9B592A6A-7488-4810-881F-B187DD09F285}.Debug|Any CPU.Build.0 = Debug|Any CPU
		{9B592A6A-7488-4810-881F-B187DD09F285}.Release|Any CPU.ActiveCfg = Release|Any CPU
		{9B592A6A-7488-4810-881F-B187DD09F285}.Release|Any CPU.Build.0 = Release|Any CPU
	EndGlobalSection
	GlobalSection(SolutionProperties) = preSolution
		HideSolutionNode = FALSE
	EndGlobalSection
	GlobalSection(ExtensibilityGlobals) = postSolution
		SolutionGuid = {462507F8-EE9F-4681-825C-1DC09DBE2149}
	EndGlobalSection
EndGlobal
